{
  "version": "2",
  "remote": {
    "https://deno.land/std@0.119.0/_util/assert.ts": "2f868145a042a11d5ad0a3c748dcf580add8a0dbc0e876eaa0026303a5488f58",
    "https://deno.land/std@0.119.0/flags/mod.ts": "5bd80147c97e481efcc4c041096c6c1a1393248e2849ccd571269d62c2634cbe",
    "https://deno.land/std@0.165.0/_util/asserts.ts": "d0844e9b62510f89ce1f9878b046f6a57bf88f208a10304aab50efcb48365272",
    "https://deno.land/std@0.165.0/_util/os.ts": "8a33345f74990e627b9dfe2de9b040004b08ea5146c7c9e8fe9a29070d193934",
    "https://deno.land/std@0.165.0/bytes/bytes_list.ts": "aba5e2369e77d426b10af1de0dcc4531acecec27f9b9056f4f7bfbf8ac147ab4",
    "https://deno.land/std@0.165.0/bytes/equals.ts": "3c3558c3ae85526f84510aa2b48ab2ad7bdd899e2e0f5b7a8ffc85acb3a6043a",
    "https://deno.land/std@0.165.0/bytes/mod.ts": "b2e342fd3669176a27a4e15061e9d588b89c1aaf5008ab71766e23669565d179",
    "https://deno.land/std@0.165.0/fmt/colors.ts": "9e36a716611dcd2e4865adea9c4bec916b5c60caad4cdcdc630d4974e6bb8bd4",
    "https://deno.land/std@0.165.0/io/buffer.ts": "245f1762a949082ddc0a6e9b15589d0be2d29c150266decd04320b8a8318f9f6",
    "https://deno.land/std@0.165.0/io/mod.ts": "6e781ebafd5cdccf9ab4afa1f499b08c513602d023cb08ceebc58758501f78bd",
    "https://deno.land/std@0.165.0/io/readers.ts": "45847ad404afd2f605eae1cff193f223462bc55eeb9ae313c2f3db28aada0fd6",
    "https://deno.land/std@0.165.0/io/types.d.ts": "107e1e64834c5ba917c783f446b407d33432c5d612c4b3430df64fc2b4ecf091",
    "https://deno.land/std@0.165.0/io/util.ts": "294d163962e3310bd9485d3315c183dc3d0da1e6ddf23495c682f8e17e0413a8",
    "https://deno.land/std@0.165.0/io/writers.ts": "2e1c63ffd0cfba411b1fd8374609abff9ea86187c9d4d885d42e6fc20325ef0e",
    "https://deno.land/std@0.165.0/path/_constants.ts": "df1db3ffa6dd6d1252cc9617e5d72165cd2483df90e93833e13580687b6083c3",
    "https://deno.land/std@0.165.0/path/_interface.ts": "ee3b431a336b80cf445441109d089b70d87d5e248f4f90ff906820889ecf8d09",
    "https://deno.land/std@0.165.0/path/_util.ts": "d16be2a16e1204b65f9d0dfc54a9bc472cafe5f4a190b3c8471ec2016ccd1677",
    "https://deno.land/std@0.165.0/path/common.ts": "bee563630abd2d97f99d83c96c2fa0cca7cee103e8cb4e7699ec4d5db7bd2633",
    "https://deno.land/std@0.165.0/path/glob.ts": "cb5255638de1048973c3e69e420c77dc04f75755524cb3b2e160fe9277d939ee",
    "https://deno.land/std@0.165.0/path/mod.ts": "56fec03ad0ebd61b6ab39ddb9b0ddb4c4a5c9f2f4f632e09dd37ec9ebfd722ac",
    "https://deno.land/std@0.165.0/path/posix.ts": "6b63de7097e68c8663c84ccedc0fd977656eb134432d818ecd3a4e122638ac24",
    "https://deno.land/std@0.165.0/path/separator.ts": "fe1816cb765a8068afb3e8f13ad272351c85cbc739af56dacfc7d93d710fe0f9",
    "https://deno.land/std@0.165.0/path/win32.ts": "7cebd2bda6657371adc00061a1d23fdd87bcdf64b4843bb148b0b24c11b40f69",
    "https://deno.land/std@0.174.0/_util/asserts.ts": "178dfc49a464aee693a7e285567b3d0b555dc805ff490505a8aae34f9cfb1462",
    "https://deno.land/std@0.174.0/_util/os.ts": "d932f56d41e4f6a6093d56044e29ce637f8dcc43c5a90af43504a889cf1775e3",
    "https://deno.land/std@0.174.0/path/_constants.ts": "e49961f6f4f48039c0dfed3c3f93e963ca3d92791c9d478ac5b43183413136e0",
    "https://deno.land/std@0.174.0/path/_interface.ts": "6471159dfbbc357e03882c2266d21ef9afdb1e4aa771b0545e90db58a0ba314b",
    "https://deno.land/std@0.174.0/path/_util.ts": "86c2375a996c1931b2f2ac71fefd5ddf0cf0e579fa4ab12d3e4c552d4223b8d8",
    "https://deno.land/std@0.174.0/path/common.ts": "ee7505ab01fd22de3963b64e46cff31f40de34f9f8de1fff6a1bd2fe79380000",
    "https://deno.land/std@0.174.0/path/glob.ts": "d479e0a695621c94d3fd7fe7abd4f9499caf32a8de13f25073451c6ef420a4e1",
    "https://deno.land/std@0.174.0/path/mod.ts": "4b83694ac500d7d31b0cdafc927080a53dc0c3027eb2895790fb155082b0d232",
    "https://deno.land/std@0.174.0/path/posix.ts": "0874b341c2c6968ca38d323338b8b295ea1dae10fa872a768d812e2e7d634789",
    "https://deno.land/std@0.174.0/path/separator.ts": "0fb679739d0d1d7bf45b68dacfb4ec7563597a902edbaf3c59b50d5bcadd93b1",
    "https://deno.land/std@0.174.0/path/win32.ts": "672942919dd66ce1b8c224e77d3447e2ad8254eaff13fe6946420a9f78fa141e",
    "https://deno.land/std@0.178.0/_util/asserts.ts": "178dfc49a464aee693a7e285567b3d0b555dc805ff490505a8aae34f9cfb1462",
    "https://deno.land/std@0.178.0/_util/os.ts": "d932f56d41e4f6a6093d56044e29ce637f8dcc43c5a90af43504a889cf1775e3",
    "https://deno.land/std@0.178.0/bytes/bytes_list.ts": "b4cbdfd2c263a13e8a904b12d082f6177ea97d9297274a4be134e989450dfa6a",
    "https://deno.land/std@0.178.0/bytes/concat.ts": "d26d6f3d7922e6d663dacfcd357563b7bf4a380ce5b9c2bbe0c8586662f25ce2",
    "https://deno.land/std@0.178.0/bytes/copy.ts": "939d89e302a9761dcf1d9c937c7711174ed74c59eef40a1e4569a05c9de88219",
    "https://deno.land/std@0.178.0/io/buf_reader.ts": "90a7adcb3638d8e1361695cdf844d58bcd97c41711dc6f9f8acc0626ebe097f5",
    "https://deno.land/std@0.178.0/io/buf_writer.ts": "2fcaadd9f157970fede6e79c8ea9a58556d8cf3c8a686c3fcaaf3875460092cc",
    "https://deno.land/std@0.178.0/io/buffer.ts": "e2b7564f684dad625cab08f5106f33572d325705d19a36822b3272fbdfb8f726",
    "https://deno.land/std@0.178.0/io/copy_n.ts": "c498021ce291576a68b5bae9f9d3a27f97644f4af6c1047fb1cff054af19e436",
    "https://deno.land/std@0.178.0/io/limited_reader.ts": "d709b5b3113d4cbf934415ba242596e0ecb130e8868fb47197217e09dbb59558",
    "https://deno.land/std@0.178.0/io/mod.ts": "2665bcccc1fd6e8627cca167c3e92aaecbd9897556b6f69e6d258070ef63fd9b",
    "https://deno.land/std@0.178.0/io/multi_reader.ts": "5f7ef6e987486322b38c72e206b8fbc8916d55a87fbcdc97a8b2596386c28d44",
    "https://deno.land/std@0.178.0/io/read_delim.ts": "7e102c66f00a118fa1e1ccd4abb080496f43766686907fd8b9522fdf85443586",
    "https://deno.land/std@0.178.0/io/read_int.ts": "7cb8bcdfaf1107586c3bacc583d11c64c060196cb070bb13ae8c2061404f911f",
    "https://deno.land/std@0.178.0/io/read_lines.ts": "baee9e35034f2fdfccf63bc24b7e3cb45aa1c1c5de26d178f7bcbc572e87772f",
    "https://deno.land/std@0.178.0/io/read_long.ts": "f0aaa420e3da1261c5d33c5e729f09922f3d9fa49f046258d4ff7a00d800c71e",
    "https://deno.land/std@0.178.0/io/read_range.ts": "28152daf32e43dd9f7d41d8466852b0d18ad766cd5c4334c91fef6e1b3a74eb5",
    "https://deno.land/std@0.178.0/io/read_short.ts": "805cb329574b850b84bf14a92c052c59b5977a492cd780c41df8ad40826c1a20",
    "https://deno.land/std@0.178.0/io/read_string_delim.ts": "46eb0c9db3547caf8c759631effa200bbe48924f9b34f41edc627bde36cee52d",
    "https://deno.land/std@0.178.0/io/slice_long_to_bytes.ts": "b096472afa3a0dd90fa84584dde7706ed29fc16d48009a581c49368f09fe70f4",
    "https://deno.land/std@0.178.0/io/string_reader.ts": "ad9cbecb8509732afcf3d73bb72fa551ec0ccc34f9b8127826247f0190753a65",
    "https://deno.land/std@0.178.0/io/string_writer.ts": "8a03c5858c24965a54c6538bed15f32a7c72f5704a12bda56f83a40e28e5433e",
    "https://deno.land/std@0.178.0/path/_constants.ts": "e49961f6f4f48039c0dfed3c3f93e963ca3d92791c9d478ac5b43183413136e0",
    "https://deno.land/std@0.178.0/path/_interface.ts": "6471159dfbbc357e03882c2266d21ef9afdb1e4aa771b0545e90db58a0ba314b",
    "https://deno.land/std@0.178.0/path/_util.ts": "d7abb1e0dea065f427b89156e28cdeb32b045870acdf865833ba808a73b576d0",
    "https://deno.land/std@0.178.0/path/common.ts": "ee7505ab01fd22de3963b64e46cff31f40de34f9f8de1fff6a1bd2fe79380000",
    "https://deno.land/std@0.178.0/path/glob.ts": "d479e0a695621c94d3fd7fe7abd4f9499caf32a8de13f25073451c6ef420a4e1",
    "https://deno.land/std@0.178.0/path/mod.ts": "4b83694ac500d7d31b0cdafc927080a53dc0c3027eb2895790fb155082b0d232",
    "https://deno.land/std@0.178.0/path/posix.ts": "8b7c67ac338714b30c816079303d0285dd24af6b284f7ad63da5b27372a2c94d",
    "https://deno.land/std@0.178.0/path/separator.ts": "0fb679739d0d1d7bf45b68dacfb4ec7563597a902edbaf3c59b50d5bcadd93b1",
    "https://deno.land/std@0.178.0/path/win32.ts": "d186344e5583bcbf8b18af416d13d82b35a317116e6460a5a3953508c3de5bba",
    "https://deno.land/std@0.178.0/types.d.ts": "220ed56662a0bd393ba5d124aa6ae2ad36a00d2fcbc0e8666a65f4606aaa9784",
    "https://deno.land/std@0.65.0/_util/assert.ts": "e1f76e77c5ccb5a8e0dbbbe6cce3a56d2556c8cb5a9a8802fc9565af72462149",
    "https://deno.land/std@0.65.0/path/_constants.ts": "aba480c4a2c098b6374fdd5951fea13ecc8aaaf8b8aa4dae1871baa50243d676",
    "https://deno.land/std@0.65.0/path/_interface.ts": "5876f91d35fd42624893a4aaddaee352144e1f46e719f1dde6511bab7c3c1029",
    "https://deno.land/std@0.65.0/path/_util.ts": "f0fa012d40ae9b6acbef03908e534eb11e694de6470fb4d78ea4f38829e735ab",
    "https://deno.land/std@0.65.0/path/common.ts": "e4ec66a7416d56f60331b66e27a8a4f08c7b1cf48e350271cb69754a01cf5c04",
    "https://deno.land/std@0.65.0/path/glob.ts": "43cc45e8649a35a199c4106dfdf66206f46dfd8e2e626a746512c1a1376fde99",
    "https://deno.land/std@0.65.0/path/mod.ts": "6de8885c2534757097818e302becd1cefcbc4c28ac022cc279e612ee04e8cfd1",
    "https://deno.land/std@0.65.0/path/posix.ts": "1a6e53e1c90dde43750f38134ace0f6300f7330f5456b60d4979a4564fcf5f7a",
    "https://deno.land/std@0.65.0/path/separator.ts": "9dd15d46ff84a16e13554f56af7fee1f85f8d0f379efbbe60ac066a60561f036",
    "https://deno.land/std@0.65.0/path/win32.ts": "b530878b0f3f281c7f06fa73dc8e89a15106ab06e88ca1dea27394d09a1b0514",
    "https://deno.land/std@0.85.0/path/_constants.ts": "1247fee4a79b70c89f23499691ef169b41b6ccf01887a0abd131009c5581b853",
    "https://deno.land/std@0.85.0/path/_interface.ts": "1fa73b02aaa24867e481a48492b44f2598cd9dfa513c7b34001437007d3642e4",
    "https://deno.land/std@0.85.0/path/_util.ts": "f4fa69aa3cbbd8568763bfc43c7236875015ba343602d8bafd332b4b4243681b",
    "https://deno.land/std@0.85.0/path/posix.ts": "1408f8ba482a4dc5fc0a7cd7be28bbbff9608d2b3b5ffdcf288ae1228d959add",
    "https://deno.land/std@0.97.0/_util/assert.ts": "2f868145a042a11d5ad0a3c748dcf580add8a0dbc0e876eaa0026303a5488f58",
    "https://deno.land/std@0.97.0/_util/os.ts": "e282950a0eaa96760c0cf11e7463e66babd15ec9157d4c9ed49cc0925686f6a7",
    "https://deno.land/std@0.97.0/encoding/base64.ts": "eecae390f1f1d1cae6f6c6d732ede5276bf4b9cd29b1d281678c054dc5cc009e",
    "https://deno.land/std@0.97.0/encoding/hex.ts": "f952e0727bddb3b2fd2e6889d104eacbd62e92091f540ebd6459317a61932d9b",
    "https://deno.land/std@0.97.0/fs/_util.ts": "f2ce811350236ea8c28450ed822a5f42a0892316515b1cd61321dec13569c56b",
    "https://deno.land/std@0.97.0/fs/ensure_dir.ts": "b7c103dc41a3d1dbbb522bf183c519c37065fdc234831a4a0f7d671b1ed5fea7",
    "https://deno.land/std@0.97.0/fs/exists.ts": "b0d2e31654819cc2a8d37df45d6b14686c0cc1d802e9ff09e902a63e98b85a00",
    "https://deno.land/std@0.97.0/hash/_wasm/hash.ts": "cb6ad1ab429f8ac9d6eae48f3286e08236d662e1a2e5cfd681ba1c0f17375895",
    "https://deno.land/std@0.97.0/hash/_wasm/wasm.js": "94b1b997ae6fb4e6d2156bcea8f79cfcd1e512a91252b08800a92071e5e84e1a",
    "https://deno.land/std@0.97.0/hash/hasher.ts": "57a9ec05dd48a9eceed319ac53463d9873490feea3832d58679df6eec51c176b",
    "https://deno.land/std@0.97.0/hash/mod.ts": "5d032bd34186cda2f8d17fc122d621430953a6030d4b3f11172004715e3e2441",
    "https://deno.land/std@0.97.0/path/_constants.ts": "1247fee4a79b70c89f23499691ef169b41b6ccf01887a0abd131009c5581b853",
    "https://deno.land/std@0.97.0/path/_interface.ts": "1fa73b02aaa24867e481a48492b44f2598cd9dfa513c7b34001437007d3642e4",
    "https://deno.land/std@0.97.0/path/_util.ts": "2e06a3b9e79beaf62687196bd4b60a4c391d862cfa007a20fc3a39f778ba073b",
    "https://deno.land/std@0.97.0/path/common.ts": "eaf03d08b569e8a87e674e4e265e099f237472b6fd135b3cbeae5827035ea14a",
    "https://deno.land/std@0.97.0/path/glob.ts": "314ad9ff263b895795208cdd4d5e35a44618ca3c6dd155e226fb15d065008652",
    "https://deno.land/std@0.97.0/path/mod.ts": "4465dc494f271b02569edbb4a18d727063b5dbd6ed84283ff906260970a15d12",
    "https://deno.land/std@0.97.0/path/posix.ts": "f56c3c99feb47f30a40ce9d252ef6f00296fa7c0fcb6dd81211bdb3b8b99ca3b",
    "https://deno.land/std@0.97.0/path/separator.ts": "8fdcf289b1b76fd726a508f57d3370ca029ae6976fcde5044007f062e643ff1c",
    "https://deno.land/std@0.97.0/path/win32.ts": "77f7b3604e0de40f3a7c698e8a79e7f601dc187035a1c21cb1e596666ce112f8",
    "https://deno.land/std@0.99.0/fmt/colors.ts": "db22b314a2ae9430ae7460ce005e0a7130e23ae1c999157e3bb77cf55800f7e4",
    "https://deno.land/x/cache@0.2.13/cache.ts": "4005aad54fb9aac9ff02526ffa798032e57f2d7966905fdeb7949263b1c95f2f",
    "https://deno.land/x/cache@0.2.13/deps.ts": "6f14e76a1a09f329e3f3830c6e72bd10b53a89a75769d5ea886e5d8603e503e6",
    "https://deno.land/x/cache@0.2.13/directories.ts": "ef48531cab3f827252e248596d15cede0de179a2fb15392ae24cf8034519994f",
    "https://deno.land/x/cache@0.2.13/file.ts": "5abe7d80c6ac594c98e66eb4262962139f48cd9c49dbe2a77e9608760508a09a",
    "https://deno.land/x/cache@0.2.13/file_fetcher.ts": "5c793cc83a5b9377679ec313b2a2321e51bf7ed15380fa82d387f1cdef3b924f",
    "https://deno.land/x/cache@0.2.13/helpers.ts": "d1545d6432277b7a0b5ea254d1c51d572b6452a8eadd9faa7ad9c5586a1725c4",
    "https://deno.land/x/cache@0.2.13/mod.ts": "3188250d3a013ef6c9eb060e5284cf729083af7944a29e60bb3d8597dd20ebcd",
    "https://deno.land/x/cliffy@v0.19.2/_utils/distance.ts": "02af166952c7c358ac83beae397aa2fbca4ad630aecfcd38d92edb1ea429f004",
    "https://deno.land/x/cliffy@v0.19.2/command/_errors.ts": "6df38105b97aeceb4c2d84dd5b96aeb5f612e017570f8ced33bb032c41c6d111",
    "https://deno.land/x/cliffy@v0.19.2/command/_utils.ts": "3ed2d6fe620dbc295e32d340df3368b5ca4905ce6386fe88f8eacb79df8cfdc5",
    "https://deno.land/x/cliffy@v0.19.2/command/command.ts": "f7298c1cd724a148267ca9a75a1fc4ae25269edbfc5ce77b106777642ce9a38a",
    "https://deno.land/x/cliffy@v0.19.2/command/completions/_bash_completions_generator.ts": "6db1c564dcda62ee475ece94930b9d3fb1c2113ff2aff3c5bd1482ef413da72c",
    "https://deno.land/x/cliffy@v0.19.2/command/completions/_fish_completions_generator.ts": "0f086a0f430ededce31977bd7b900a38c05eaa646d8c873d9e5819b1db771dab",
    "https://deno.land/x/cliffy@v0.19.2/command/completions/_zsh_completions_generator.ts": "5dd7f8d98947acfba2e3b77f0ed8acabd16cd262fc5944bd8b9b8e2bb23fcc10",
    "https://deno.land/x/cliffy@v0.19.2/command/completions/bash.ts": "67cce298d8f01ebf0ec88007a17ca6d2fd32c5fd102fdd241cc5d60963b44f6f",
    "https://deno.land/x/cliffy@v0.19.2/command/completions/complete.ts": "c360de280a2d68415ec8d59e678fe8df4a19b910ebafc1a486728a42c340344d",
    "https://deno.land/x/cliffy@v0.19.2/command/completions/fish.ts": "b2b48f35369ac4cd848d666e9a96cd21c4e35a1652c0b573c1025a1fd063dd84",
    "https://deno.land/x/cliffy@v0.19.2/command/completions/mod.ts": "96d199716fedcba3f47638ce569761e06ae10851cd0a872be3817ca135c84f58",
    "https://deno.land/x/cliffy@v0.19.2/command/completions/zsh.ts": "fa021a8d16853827502c0a42476ab8e5f173f2d447d04f8b4ab3b96e438e3d40",
    "https://deno.land/x/cliffy@v0.19.2/command/deps.ts": "9aca328af73b9875a0b1bbca1a0f52571d9367e4e2d67a69adb2b21c77b8f6f2",
    "https://deno.land/x/cliffy@v0.19.2/command/help/_help_generator.ts": "9d56e05162cf6976c8807ed44d8bf9d84da8ec9e1b160e3ed139b3be0da60d63",
    "https://deno.land/x/cliffy@v0.19.2/command/help/mod.ts": "fd4370261e62a9a201c52c12039870afaa501d849af9e04bba34b27a4cc5e2aa",
    "https://deno.land/x/cliffy@v0.19.2/command/mod.ts": "ab5a5d05ad3e723bcb8434003847ff06dafbd43c58a86f5f47b69d4f6a10c79e",
    "https://deno.land/x/cliffy@v0.19.2/command/type.ts": "d3d9b87de039f2322a4ac28a8a6ddc7c945513ed64ade387f9fe677d0fe247dd",
    "https://deno.land/x/cliffy@v0.19.2/command/types.ts": "fcc6d11f3a61d6fd67349b7c449bce32edd481060ce50fcdfe0c0f632013186f",
    "https://deno.land/x/cliffy@v0.19.2/command/types/action_list.ts": "33c98d449617c7a563a535c9ceb3741bde9f6363353fd492f90a74570c611c27",
    "https://deno.land/x/cliffy@v0.19.2/command/types/boolean.ts": "bf0fbaacbd79398f4f4a832437a8ac49f34f12fe42b8b44dca68ad23cd7b02e8",
    "https://deno.land/x/cliffy@v0.19.2/command/types/child_command.ts": "f1fca390c7fbfa7a713ca15ef55c2c7656bcbb394d50e8ef54085bdf6dc22559",
    "https://deno.land/x/cliffy@v0.19.2/command/types/command.ts": "325d0382e383b725fd8d0ef34ebaeae082c5b76a1f6f2e843fee5dbb1a4fe3ac",
    "https://deno.land/x/cliffy@v0.19.2/command/types/enum.ts": "e54b362848416dd60f45824b50b01513db8e78bba1ede38d6344334c8f879b3f",
    "https://deno.land/x/cliffy@v0.19.2/command/types/integer.ts": "b49ef8c43fe59ccf67e792c72ff350520dab08c9bd552eff004e134f292daa06",
    "https://deno.land/x/cliffy@v0.19.2/command/types/number.ts": "32c3d1decf3b8d9dfa10b0027b07e9c6753c0059d1ccf2d1d768b879d05e0d3e",
    "https://deno.land/x/cliffy@v0.19.2/command/types/string.ts": "e415dd7bce1b4d0ac4417e370a41a8c7a476f78cb19bf4a757ba11da343f344c",
    "https://deno.land/x/cliffy@v0.19.2/flags/_errors.ts": "481fab628680d051d98b76bd3ed561e18f54525a5b2c88e97d5bdc1ed31dd19a",
    "https://deno.land/x/cliffy@v0.19.2/flags/_utils.ts": "9e8910b910d36f905934690c16b3c2a2c604fb0d89740d373d16adc659c1af1a",
    "https://deno.land/x/cliffy@v0.19.2/flags/flags.ts": "bc0f8513ee0a1b487c0566cabd1505dcb2cc32a56c5c3c8abc576d2cae740c4c",
    "https://deno.land/x/cliffy@v0.19.2/flags/normalize.ts": "039002ba22834cbac1a9eb853294618de11be3739fec812639c11e32491100e3",
    "https://deno.land/x/cliffy@v0.19.2/flags/types.ts": "c69d7227c825e9c2f4be5a9b804e4275dfc9ebf855925fd8d831fed51e51c41a",
    "https://deno.land/x/cliffy@v0.19.2/flags/types/boolean.ts": "3a80c2332c2f2f58427774cd0ed15b773be2c6bab6323ab4085ac7eaed9fe021",
    "https://deno.land/x/cliffy@v0.19.2/flags/types/integer.ts": "931b6c9f748a839ad304d60851159ebe3f26ccea50fb0907925a94e93772acaf",
    "https://deno.land/x/cliffy@v0.19.2/flags/types/number.ts": "ace1b124c644f4fac2a7bf781fafe3f8a32528b22ec939a3291424a313c8e301",
    "https://deno.land/x/cliffy@v0.19.2/flags/types/string.ts": "2764413b7f86962152fd0ac3edf5107b94cb6ae8a237243d65c3a2eb2073d624",
    "https://deno.land/x/cliffy@v0.19.2/flags/validate_flags.ts": "7724a6118a05e2b5b058451dc1be401615bbef5deb75d52f7e1b35b124bdb50c",
    "https://deno.land/x/cliffy@v0.19.2/table/border.ts": "2514abae4e4f51eda60a5f8c927ba24efd464a590027e900926b38f68e01253c",
    "https://deno.land/x/cliffy@v0.19.2/table/cell.ts": "1d787d8006ac8302020d18ec39f8d7f1113612c20801b973e3839de9c3f8b7b3",
    "https://deno.land/x/cliffy@v0.19.2/table/deps.ts": "390cc8550b6e4d1337c234bfff6ae49ac0e902bfdee8d0aec08eeba2c0aa6235",
    "https://deno.land/x/cliffy@v0.19.2/table/layout.ts": "b3055be2bc94dce0381094182121c026328ba9f173d6c1d0eb00a3dd7482b226",
    "https://deno.land/x/cliffy@v0.19.2/table/row.ts": "707c8f9c71f28e7ded22a053c13c0988a9598eec0a9e2a7aea7d15cad64d3cfe",
    "https://deno.land/x/cliffy@v0.19.2/table/table.ts": "9dc3afb6c5455dfbdedd5dcd6905f5b8445d5a2ab8d6d21e0da355d2b794d55d",
    "https://deno.land/x/cliffy@v0.19.2/table/utils.ts": "4bf039fc9eb61558cc08397b50f123bba2cd7638257fc812a2aa510604da4440",
    "https://deno.land/x/denoflate@1.2.1/mod.ts": "f5628e44b80b3d80ed525afa2ba0f12408e3849db817d47a883b801f9ce69dd6",
    "https://deno.land/x/denoflate@1.2.1/pkg/denoflate.js": "b9f9ad9457d3f12f28b1fb35c555f57443427f74decb403113d67364e4f2caf4",
    "https://deno.land/x/denoflate@1.2.1/pkg/denoflate_bg.wasm.js": "d581956245407a2115a3d7e8d85a9641c032940a8e810acbd59ca86afd34d44d",
    "https://deno.land/x/esbuild@v0.12.1/mod.d.ts": "7c4376edfa1a9b5101b2e96da0f21c66dac40ba8f1c6096ffe3b3b194cd4d96a",
    "https://deno.land/x/esbuild@v0.15.10/mod.d.ts": "12e96a8d05c8e2c5638aa9cb09f24222134d437abb2f3f52de0156adb2270719",
    "https://deno.land/x/esbuild@v0.15.10/mod.js": "b6076f05f58057025ce0eddb404a4da3b7a0e3768c53f6c87959c8c32240e9cd",
    "https://deno.land/x/esbuild@v0.17.11/mod.d.ts": "dc279a3a46f084484453e617c0cabcd5b8bd1920c0e562e4ea02dfc828c8f968",
    "https://deno.land/x/esbuild@v0.17.11/mod.js": "4f4e61964a551d9c0baf5bb19e973cf631cf8c66ddaf01e70070f8a100fc938c",
    "https://deno.land/x/esbuild_cache_plugin@v0.1.0/mod.ts": "6389691bbc6623cf59210a691592dd863c03f6b99ac2d3a6821a591d2d0acf89",
    "https://deno.land/x/esbuild_plugin_cache@v0.2.10/mod.ts": "893db2f1a11d38ba45e7550bd89859aa0f4092f6887511cb35fbcc6b61c00cbb",
    "https://deno.land/x/esbuild_plugin_cache@v0.2.8/mod.ts": "893db2f1a11d38ba45e7550bd89859aa0f4092f6887511cb35fbcc6b61c00cbb",
    "https://deno.land/x/importmap@0.1.4/mod.ts": "0ba3f49893d17af5b04e525cd2af1e25e895a455db7b43c3c18db7099abdd2ac",
    "https://esm.sh/react-dom@18.2.0": "6e5ba1feccbe1bf152955cfb0865053a4b9b82d570db0f5d4dc5ab22bf942f42",
    "https://esm.sh/react@18.2.0": "84aa07282d2f3c843f7d56daeae0be41ceae768391c4418f7358dd64e8fe4eca",
    "https://esm.sh/stable/react@18.2.0/deno/react.js": "806868069cfdb815e028419cf07ebc7a7bcba7f9e31dec9e3a045b9f8e82c1ed",
    "https://esm.sh/v99/@types/prop-types@15.7.5/index.d.ts": "6a386ff939f180ae8ef064699d8b7b6e62bc2731a62d7fbf5e02589383838dea",
    "https://esm.sh/v99/@types/react-dom@18.0.9/index.d.ts": "201f1ca3c46ea0330e42972d84e4e1aff8b1de082f410ceb7df5b25e6cf27f13",
    "https://esm.sh/v99/@types/react@18.0.25/global.d.ts": "bbdf156fea2fabed31a569445835aeedcc33643d404fcbaa54541f06c109df3f",
    "https://esm.sh/v99/@types/react@18.0.25/index.d.ts": "12154bc47748a901d10aa84dc39d0ec3a5f2d50624a7f018b473ef5af23063b4",
    "https://esm.sh/v99/@types/scheduler@0.16.2/tracing.d.ts": "f5a8b384f182b3851cec3596ccc96cb7464f8d3469f48c74bf2befb782a19de5",
    "https://esm.sh/v99/csstype@3.1.1/index.d.ts": "1c29793071152b207c01ea1954e343be9a44d85234447b2b236acae9e709a383",
    "https://esm.sh/v99/react-dom@18.2.0/deno/react-dom.js": "36ca2ee48ff84aee2708f35b880efa0cebdc15e7d73021124d3c86f600067abc",
    "https://esm.sh/v99/scheduler@0.23.0/deno/scheduler.js": "4c366114b6fc3cf2bdcd2f60aa4382ade0c8b62ddffcb9b64f244d92a5160b0e",
    "https://unpkg.com/react-dom@18.2.0/umd/react-dom.development.js": "6d11da926dde155c0d8773ae0e05bb64683f1f40d4e1eb628717dd8499172282",
    "https://unpkg.com/react@18.2.0/umd/react.development.js": "857364e2b982318417025fb9b4b8355c09f75fa46ba0be93f520f769f6757a78"
  },
  "npm": {
    "specifiers": {
      "esbuild": "esbuild@0.15.15",
      "esbuild-sass-plugin": "esbuild-sass-plugin@2.5.0_esbuild@0.16.17_resolve@1.22.1_sass@1.56.1",
      "esbuild-sass-plugin@2.6.0": "esbuild-sass-plugin@2.6.0_esbuild@0.17.11_resolve@1.22.1_sass@1.58.3",
      "jquery": "jquery@3.6.1"
    },
    "packages": {
      "@esbuild/android-arm64@0.16.17": {
        "integrity": "sha512-MIGl6p5sc3RDTLLkYL1MyL8BMRN4tLMRCn+yRJJmEDvYZ2M7tmAf80hx1kbNEUX2KJ50RRtxZ4JHLvCfuB6kBg==",
        "dependencies": {}
      },
      "@esbuild/android-arm64@0.17.11": {
        "integrity": "sha512-QnK4d/zhVTuV4/pRM4HUjcsbl43POALU2zvBynmrrqZt9LPcLA3x1fTZPBg2RRguBQnJcnU059yKr+bydkntjg==",
        "dependencies": {}
      },
      "@esbuild/android-arm@0.15.15": {
        "integrity": "sha512-JJjZjJi2eBL01QJuWjfCdZxcIgot+VoK6Fq7eKF9w4YHm9hwl7nhBR1o2Wnt/WcANk5l9SkpvrldW1PLuXxcbw==",
        "dependencies": {}
      },
      "@esbuild/android-arm@0.16.17": {
        "integrity": "sha512-N9x1CMXVhtWEAMS7pNNONyA14f71VPQN9Cnavj1XQh6T7bskqiLLrSca4O0Vr8Wdcga943eThxnVp3JLnBMYtw==",
        "dependencies": {}
      },
      "@esbuild/android-arm@0.17.11": {
        "integrity": "sha512-CdyX6sRVh1NzFCsf5vw3kULwlAhfy9wVt8SZlrhQ7eL2qBjGbFhRBWkkAzuZm9IIEOCKJw4DXA6R85g+qc8RDw==",
        "dependencies": {}
      },
      "@esbuild/android-x64@0.16.17": {
        "integrity": "sha512-a3kTv3m0Ghh4z1DaFEuEDfz3OLONKuFvI4Xqczqx4BqLyuFaFkuaG4j2MtA6fuWEFeC5x9IvqnX7drmRq/fyAQ==",
        "dependencies": {}
      },
      "@esbuild/android-x64@0.17.11": {
        "integrity": "sha512-3PL3HKtsDIXGQcSCKtWD/dy+mgc4p2Tvo2qKgKHj9Yf+eniwFnuoQ0OUhlSfAEpKAFzF9N21Nwgnap6zy3L3MQ==",
        "dependencies": {}
      },
      "@esbuild/darwin-arm64@0.16.17": {
        "integrity": "sha512-/2agbUEfmxWHi9ARTX6OQ/KgXnOWfsNlTeLcoV7HSuSTv63E4DqtAc+2XqGw1KHxKMHGZgbVCZge7HXWX9Vn+w==",
        "dependencies": {}
      },
      "@esbuild/darwin-arm64@0.17.11": {
        "integrity": "sha512-pJ950bNKgzhkGNO3Z9TeHzIFtEyC2GDQL3wxkMApDEghYx5Qers84UTNc1bAxWbRkuJOgmOha5V0WUeh8G+YGw==",
        "dependencies": {}
      },
      "@esbuild/darwin-x64@0.16.17": {
        "integrity": "sha512-2By45OBHulkd9Svy5IOCZt376Aa2oOkiE9QWUK9fe6Tb+WDr8hXL3dpqi+DeLiMed8tVXspzsTAvd0jUl96wmg==",
        "dependencies": {}
      },
      "@esbuild/darwin-x64@0.17.11": {
        "integrity": "sha512-iB0dQkIHXyczK3BZtzw1tqegf0F0Ab5texX2TvMQjiJIWXAfM4FQl7D909YfXWnB92OQz4ivBYQ2RlxBJrMJOw==",
        "dependencies": {}
      },
      "@esbuild/freebsd-arm64@0.16.17": {
        "integrity": "sha512-mt+cxZe1tVx489VTb4mBAOo2aKSnJ33L9fr25JXpqQqzbUIw/yzIzi+NHwAXK2qYV1lEFp4OoVeThGjUbmWmdw==",
        "dependencies": {}
      },
      "@esbuild/freebsd-arm64@0.17.11": {
        "integrity": "sha512-7EFzUADmI1jCHeDRGKgbnF5sDIceZsQGapoO6dmw7r/ZBEKX7CCDnIz8m9yEclzr7mFsd+DyasHzpjfJnmBB1Q==",
        "dependencies": {}
      },
      "@esbuild/freebsd-x64@0.16.17": {
        "integrity": "sha512-8ScTdNJl5idAKjH8zGAsN7RuWcyHG3BAvMNpKOBaqqR7EbUhhVHOqXRdL7oZvz8WNHL2pr5+eIT5c65kA6NHug==",
        "dependencies": {}
      },
      "@esbuild/freebsd-x64@0.17.11": {
        "integrity": "sha512-iPgenptC8i8pdvkHQvXJFzc1eVMR7W2lBPrTE6GbhR54sLcF42mk3zBOjKPOodezzuAz/KSu8CPyFSjcBMkE9g==",
        "dependencies": {}
      },
      "@esbuild/linux-arm64@0.16.17": {
        "integrity": "sha512-7S8gJnSlqKGVJunnMCrXHU9Q8Q/tQIxk/xL8BqAP64wchPCTzuM6W3Ra8cIa1HIflAvDnNOt2jaL17vaW+1V0g==",
        "dependencies": {}
      },
      "@esbuild/linux-arm64@0.17.11": {
        "integrity": "sha512-Qxth3gsWWGKz2/qG2d5DsW/57SeA2AmpSMhdg9TSB5Svn2KDob3qxfQSkdnWjSd42kqoxIPy3EJFs+6w1+6Qjg==",
        "dependencies": {}
      },
      "@esbuild/linux-arm@0.16.17": {
        "integrity": "sha512-iihzrWbD4gIT7j3caMzKb/RsFFHCwqqbrbH9SqUSRrdXkXaygSZCZg1FybsZz57Ju7N/SHEgPyaR0LZ8Zbe9gQ==",
        "dependencies": {}
      },
      "@esbuild/linux-arm@0.17.11": {
        "integrity": "sha512-M9iK/d4lgZH0U5M1R2p2gqhPV/7JPJcRz+8O8GBKVgqndTzydQ7B2XGDbxtbvFkvIs53uXTobOhv+RyaqhUiMg==",
        "dependencies": {}
      },
      "@esbuild/linux-ia32@0.16.17": {
        "integrity": "sha512-kiX69+wcPAdgl3Lonh1VI7MBr16nktEvOfViszBSxygRQqSpzv7BffMKRPMFwzeJGPxcio0pdD3kYQGpqQ2SSg==",
        "dependencies": {}
      },
      "@esbuild/linux-ia32@0.17.11": {
        "integrity": "sha512-dB1nGaVWtUlb/rRDHmuDQhfqazWE0LMro/AIbT2lWM3CDMHJNpLckH+gCddQyhhcLac2OYw69ikUMO34JLt3wA==",
        "dependencies": {}
      },
      "@esbuild/linux-loong64@0.15.15": {
        "integrity": "sha512-lhz6UNPMDXUhtXSulw8XlFAtSYO26WmHQnCi2Lg2p+/TMiJKNLtZCYUxV4wG6rZMzXmr8InGpNwk+DLT2Hm0PA==",
        "dependencies": {}
      },
      "@esbuild/linux-loong64@0.16.17": {
        "integrity": "sha512-dTzNnQwembNDhd654cA4QhbS9uDdXC3TKqMJjgOWsC0yNCbpzfWoXdZvp0mY7HU6nzk5E0zpRGGx3qoQg8T2DQ==",
        "dependencies": {}
      },
      "@esbuild/linux-loong64@0.17.11": {
        "integrity": "sha512-aCWlq70Q7Nc9WDnormntGS1ar6ZFvUpqr8gXtO+HRejRYPweAFQN615PcgaSJkZjhHp61+MNLhzyVALSF2/Q0g==",
        "dependencies": {}
      },
      "@esbuild/linux-mips64el@0.16.17": {
        "integrity": "sha512-ezbDkp2nDl0PfIUn0CsQ30kxfcLTlcx4Foz2kYv8qdC6ia2oX5Q3E/8m6lq84Dj/6b0FrkgD582fJMIfHhJfSw==",
        "dependencies": {}
      },
      "@esbuild/linux-mips64el@0.17.11": {
        "integrity": "sha512-cGeGNdQxqY8qJwlYH1BP6rjIIiEcrM05H7k3tR7WxOLmD1ZxRMd6/QIOWMb8mD2s2YJFNRuNQ+wjMhgEL2oCEw==",
        "dependencies": {}
      },
      "@esbuild/linux-ppc64@0.16.17": {
        "integrity": "sha512-dzS678gYD1lJsW73zrFhDApLVdM3cUF2MvAa1D8K8KtcSKdLBPP4zZSLy6LFZ0jYqQdQ29bjAHJDgz0rVbLB3g==",
        "dependencies": {}
      },
      "@esbuild/linux-ppc64@0.17.11": {
        "integrity": "sha512-BdlziJQPW/bNe0E8eYsHB40mYOluS+jULPCjlWiHzDgr+ZBRXPtgMV1nkLEGdpjrwgmtkZHEGEPaKdS/8faLDA==",
        "dependencies": {}
      },
      "@esbuild/linux-riscv64@0.16.17": {
        "integrity": "sha512-ylNlVsxuFjZK8DQtNUwiMskh6nT0vI7kYl/4fZgV1llP5d6+HIeL/vmmm3jpuoo8+NuXjQVZxmKuhDApK0/cKw==",
        "dependencies": {}
      },
      "@esbuild/linux-riscv64@0.17.11": {
        "integrity": "sha512-MDLwQbtF+83oJCI1Cixn68Et/ME6gelmhssPebC40RdJaect+IM+l7o/CuG0ZlDs6tZTEIoxUe53H3GmMn8oMA==",
        "dependencies": {}
      },
      "@esbuild/linux-s390x@0.16.17": {
        "integrity": "sha512-gzy7nUTO4UA4oZ2wAMXPNBGTzZFP7mss3aKR2hH+/4UUkCOyqmjXiKpzGrY2TlEUhbbejzXVKKGazYcQTZWA/w==",
        "dependencies": {}
      },
      "@esbuild/linux-s390x@0.17.11": {
        "integrity": "sha512-4N5EMESvws0Ozr2J94VoUD8HIRi7X0uvUv4c0wpTHZyZY9qpaaN7THjosdiW56irQ4qnJ6Lsc+i+5zGWnyqWqQ==",
        "dependencies": {}
      },
      "@esbuild/linux-x64@0.16.17": {
        "integrity": "sha512-mdPjPxfnmoqhgpiEArqi4egmBAMYvaObgn4poorpUaqmvzzbvqbowRllQ+ZgzGVMGKaPkqUmPDOOFQRUFDmeUw==",
        "dependencies": {}
      },
      "@esbuild/linux-x64@0.17.11": {
        "integrity": "sha512-rM/v8UlluxpytFSmVdbCe1yyKQd/e+FmIJE2oPJvbBo+D0XVWi1y/NQ4iTNx+436WmDHQBjVLrbnAQLQ6U7wlw==",
        "dependencies": {}
      },
      "@esbuild/netbsd-x64@0.16.17": {
        "integrity": "sha512-/PzmzD/zyAeTUsduZa32bn0ORug+Jd1EGGAUJvqfeixoEISYpGnAezN6lnJoskauoai0Jrs+XSyvDhppCPoKOA==",
        "dependencies": {}
      },
      "@esbuild/netbsd-x64@0.17.11": {
        "integrity": "sha512-4WaAhuz5f91h3/g43VBGdto1Q+X7VEZfpcWGtOFXnggEuLvjV+cP6DyLRU15IjiU9fKLLk41OoJfBFN5DhPvag==",
        "dependencies": {}
      },
      "@esbuild/openbsd-x64@0.16.17": {
        "integrity": "sha512-2yaWJhvxGEz2RiftSk0UObqJa/b+rIAjnODJgv2GbGGpRwAfpgzyrg1WLK8rqA24mfZa9GvpjLcBBg8JHkoodg==",
        "dependencies": {}
      },
      "@esbuild/openbsd-x64@0.17.11": {
        "integrity": "sha512-UBj135Nx4FpnvtE+C8TWGp98oUgBcmNmdYgl5ToKc0mBHxVVqVE7FUS5/ELMImOp205qDAittL6Ezhasc2Ev/w==",
        "dependencies": {}
      },
      "@esbuild/sunos-x64@0.16.17": {
        "integrity": "sha512-xtVUiev38tN0R3g8VhRfN7Zl42YCJvyBhRKw1RJjwE1d2emWTVToPLNEQj/5Qxc6lVFATDiy6LjVHYhIPrLxzw==",
        "dependencies": {}
      },
      "@esbuild/sunos-x64@0.17.11": {
        "integrity": "sha512-1/gxTifDC9aXbV2xOfCbOceh5AlIidUrPsMpivgzo8P8zUtczlq1ncFpeN1ZyQJ9lVs2hILy1PG5KPp+w8QPPg==",
        "dependencies": {}
      },
      "@esbuild/win32-arm64@0.16.17": {
        "integrity": "sha512-ga8+JqBDHY4b6fQAmOgtJJue36scANy4l/rL97W+0wYmijhxKetzZdKOJI7olaBaMhWt8Pac2McJdZLxXWUEQw==",
        "dependencies": {}
      },
      "@esbuild/win32-arm64@0.17.11": {
        "integrity": "sha512-vtSfyx5yRdpiOW9yp6Ax0zyNOv9HjOAw8WaZg3dF5djEHKKm3UnoohftVvIJtRh0Ec7Hso0RIdTqZvPXJ7FdvQ==",
        "dependencies": {}
      },
      "@esbuild/win32-ia32@0.16.17": {
        "integrity": "sha512-WnsKaf46uSSF/sZhwnqE4L/F89AYNMiD4YtEcYekBt9Q7nj0DiId2XH2Ng2PHM54qi5oPrQ8luuzGszqi/veig==",
        "dependencies": {}
      },
      "@esbuild/win32-ia32@0.17.11": {
        "integrity": "sha512-GFPSLEGQr4wHFTiIUJQrnJKZhZjjq4Sphf+mM76nQR6WkQn73vm7IsacmBRPkALfpOCHsopSvLgqdd4iUW2mYw==",
        "dependencies": {}
      },
      "@esbuild/win32-x64@0.16.17": {
        "integrity": "sha512-y+EHuSchhL7FjHgvQL/0fnnFmO4T1bhvWANX6gcnqTjtnKWbTvUMCpGnv2+t+31d7RzyEAYAd4u2fnIhHL6N/Q==",
        "dependencies": {}
      },
      "@esbuild/win32-x64@0.17.11": {
        "integrity": "sha512-N9vXqLP3eRL8BqSy8yn4Y98cZI2pZ8fyuHx6lKjiG2WABpT2l01TXdzq5Ma2ZUBzfB7tx5dXVhge8X9u0S70ZQ==",
        "dependencies": {}
      },
      "anymatch@3.1.3": {
        "integrity": "sha512-KMReFUr0B4t+D+OBkjR3KYqvocp2XaSzO55UcB6mgQMd3KbcE+mWTyvVV7D/zsdEbNnV6acZUutkiHQXvTr1Rw==",
        "dependencies": {
          "normalize-path": "normalize-path@3.0.0",
          "picomatch": "picomatch@2.3.1"
        }
      },
      "binary-extensions@2.2.0": {
        "integrity": "sha512-jDctJ/IVQbZoJykoeHbhXpOlNBqGNcwXJKJog42E5HDPUwQTSdjCHdihjj0DlnheQ7blbT6dHOafNAiS8ooQKA==",
        "dependencies": {}
      },
      "braces@3.0.2": {
        "integrity": "sha512-b8um+L1RzM3WDSzvhm6gIz1yfTbBt6YTlcEKAvsmqCZZFw46z626lVj9j1yEPW33H5H+lBQpZMP1k8l+78Ha0A==",
        "dependencies": {
          "fill-range": "fill-range@7.0.1"
        }
      },
      "chokidar@3.5.3": {
        "integrity": "sha512-Dr3sfKRP6oTcjf2JmUmFJfeVMvXBdegxB0iVQ5eb2V10uFJUCAS8OByZdVAyVb8xXNz3GjjTgj9kLWsZTqE6kw==",
        "dependencies": {
          "anymatch": "anymatch@3.1.3",
          "braces": "braces@3.0.2",
          "fsevents": "fsevents@2.3.2",
          "glob-parent": "glob-parent@5.1.2",
          "is-binary-path": "is-binary-path@2.1.0",
          "is-glob": "is-glob@4.0.3",
          "normalize-path": "normalize-path@3.0.0",
          "readdirp": "readdirp@3.6.0"
        }
      },
      "esbuild-android-64@0.15.15": {
        "integrity": "sha512-F+WjjQxO+JQOva3tJWNdVjouFMLK6R6i5gjDvgUthLYJnIZJsp1HlF523k73hELY20WPyEO8xcz7aaYBVkeg5Q==",
        "dependencies": {}
      },
      "esbuild-android-arm64@0.15.15": {
        "integrity": "sha512-attlyhD6Y22jNyQ0fIIQ7mnPvDWKw7k6FKnsXlBvQE6s3z6s6cuEHcSgoirquQc7TmZgVCK5fD/2uxmRN+ZpcQ==",
        "dependencies": {}
      },
      "esbuild-darwin-64@0.15.15": {
        "integrity": "sha512-ohZtF8W1SHJ4JWldsPVdk8st0r9ExbAOSrBOh5L+Mq47i696GVwv1ab/KlmbUoikSTNoXEhDzVpxUR/WIO19FQ==",
        "dependencies": {}
      },
      "esbuild-darwin-arm64@0.15.15": {
        "integrity": "sha512-P8jOZ5zshCNIuGn+9KehKs/cq5uIniC+BeCykvdVhx/rBXSxmtj3CUIKZz4sDCuESMbitK54drf/2QX9QHG5Ag==",
        "dependencies": {}
      },
      "esbuild-freebsd-64@0.15.15": {
        "integrity": "sha512-KkTg+AmDXz1IvA9S1gt8dE24C8Thx0X5oM0KGF322DuP+P3evwTL9YyusHAWNsh4qLsR80nvBr/EIYs29VSwuA==",
        "dependencies": {}
      },
      "esbuild-freebsd-arm64@0.15.15": {
        "integrity": "sha512-FUcML0DRsuyqCMfAC+HoeAqvWxMeq0qXvclZZ/lt2kLU6XBnDA5uKTLUd379WYEyVD4KKFctqWd9tTuk8C/96g==",
        "dependencies": {}
      },
      "esbuild-linux-32@0.15.15": {
        "integrity": "sha512-q28Qn5pZgHNqug02aTkzw5sW9OklSo96b5nm17Mq0pDXrdTBcQ+M6Q9A1B+dalFeynunwh/pvfrNucjzwDXj+Q==",
        "dependencies": {}
      },
      "esbuild-linux-64@0.15.15": {
        "integrity": "sha512-217KPmWMirkf8liO+fj2qrPwbIbhNTGNVtvqI1TnOWJgcMjUWvd677Gq3fTzXEjilkx2yWypVnTswM2KbXgoAg==",
        "dependencies": {}
      },
      "esbuild-linux-arm64@0.15.15": {
        "integrity": "sha512-/ltmNFs0FivZkYsTzAsXIfLQX38lFnwJTWCJts0IbCqWZQe+jjj0vYBNbI0kmXLb3y5NljiM5USVAO1NVkdh2g==",
        "dependencies": {}
      },
      "esbuild-linux-arm@0.15.15": {
        "integrity": "sha512-RYVW9o2yN8yM7SB1yaWr378CwrjvGCyGybX3SdzPHpikUHkME2AP55Ma20uNwkNyY2eSYFX9D55kDrfQmQBR4w==",
        "dependencies": {}
      },
      "esbuild-linux-mips64le@0.15.15": {
        "integrity": "sha512-PksEPb321/28GFFxtvL33yVPfnMZihxkEv5zME2zapXGp7fA1X2jYeiTUK+9tJ/EGgcNWuwvtawPxJG7Mmn86A==",
        "dependencies": {}
      },
      "esbuild-linux-ppc64le@0.15.15": {
        "integrity": "sha512-ek8gJBEIhcpGI327eAZigBOHl58QqrJrYYIZBWQCnH3UnXoeWMrMZLeeZL8BI2XMBhP+sQ6ERctD5X+ajL/AIA==",
        "dependencies": {}
      },
      "esbuild-linux-riscv64@0.15.15": {
        "integrity": "sha512-H5ilTZb33/GnUBrZMNJtBk7/OXzDHDXjIzoLXHSutwwsLxSNaLxzAaMoDGDd/keZoS+GDBqNVxdCkpuiRW4OSw==",
        "dependencies": {}
      },
      "esbuild-linux-s390x@0.15.15": {
        "integrity": "sha512-jKaLUg78mua3rrtrkpv4Or2dNTJU7bgHN4bEjT4OX4GR7nLBSA9dfJezQouTxMmIW7opwEC5/iR9mpC18utnxQ==",
        "dependencies": {}
      },
      "esbuild-netbsd-64@0.15.15": {
        "integrity": "sha512-aOvmF/UkjFuW6F36HbIlImJTTx45KUCHJndtKo+KdP8Dhq3mgLRKW9+6Ircpm8bX/RcS3zZMMmaBLkvGY06Gvw==",
        "dependencies": {}
      },
      "esbuild-openbsd-64@0.15.15": {
        "integrity": "sha512-HFFX+WYedx1w2yJ1VyR1Dfo8zyYGQZf1cA69bLdrHzu9svj6KH6ZLK0k3A1/LFPhcEY9idSOhsB2UyU0tHPxgQ==",
        "dependencies": {}
      },
      "esbuild-sass-plugin@2.4.1": {
        "integrity": "sha512-9Sf73lTm1vbD5FPXjS4ekKJV4+293dn2d0Asi/2E2ZpLAU8o4p4WrGsxLyKkGWBVZHusXO5ifgAyQ27pw8jUxg==",
        "dependencies": {
          "esbuild": "esbuild@0.15.15",
          "resolve": "resolve@1.22.1",
          "sass": "sass@1.56.1"
        }
      },
      "esbuild-sass-plugin@2.5.0_esbuild@0.16.17_resolve@1.22.1_sass@1.56.1": {
        "integrity": "sha512-SKWcvZwB+3/3eLhSCscJfb9AEOgL3oYlwOaItnXpXNPVj9Hc1Iwf5Cx4muUd+H+6zKyUwviAtVdRwcUsocUYgA==",
        "dependencies": {
          "esbuild": "esbuild@0.16.17",
          "resolve": "resolve@1.22.1",
          "sass": "sass@1.56.1"
        }
      },
      "esbuild-sass-plugin@2.6.0_esbuild@0.17.11_resolve@1.22.1_sass@1.58.3": {
        "integrity": "sha512-jukzNT8bqMEO/BJ7QG3mpndmtO9pJWTO4Mba5eyCLtXK6+sl9iCy4ReSE9fuoXX6W2QjjCEUaipbGWK+YfTwuQ==",
        "dependencies": {
          "esbuild": "esbuild@0.17.11",
          "resolve": "resolve@1.22.1",
          "sass": "sass@1.58.3"
        }
      },
      "esbuild-sunos-64@0.15.15": {
        "integrity": "sha512-jOPBudffG4HN8yJXcK9rib/ZTFoTA5pvIKbRrt3IKAGMq1EpBi4xoVoSRrq/0d4OgZLaQbmkHp8RO9eZIn5atA==",
        "dependencies": {}
      },
      "esbuild-windows-32@0.15.15": {
        "integrity": "sha512-MDkJ3QkjnCetKF0fKxCyYNBnOq6dmidcwstBVeMtXSgGYTy8XSwBeIE4+HuKiSsG6I/mXEb++px3IGSmTN0XiA==",
        "dependencies": {}
      },
      "esbuild-windows-64@0.15.15": {
        "integrity": "sha512-xaAUIB2qllE888SsMU3j9nrqyLbkqqkpQyWVkfwSil6BBPgcPk3zOFitTTncEKCLTQy3XV9RuH7PDj3aJDljWA==",
        "dependencies": {}
      },
      "esbuild-windows-arm64@0.15.15": {
        "integrity": "sha512-ttuoCYCIJAFx4UUKKWYnFdrVpoXa3+3WWkXVI6s09U+YjhnyM5h96ewTq/WgQj9LFSIlABQvadHSOQyAVjW5xQ==",
        "dependencies": {}
      },
      "esbuild@0.15.15": {
        "integrity": "sha512-TEw/lwK4Zzld9x3FedV6jy8onOUHqcEX3ADFk4k+gzPUwrxn8nWV62tH0udo8jOtjFodlEfc4ypsqX3e+WWO6w==",
        "dependencies": {
          "@esbuild/android-arm": "@esbuild/android-arm@0.15.15",
          "@esbuild/linux-loong64": "@esbuild/linux-loong64@0.15.15",
          "esbuild-android-64": "esbuild-android-64@0.15.15",
          "esbuild-android-arm64": "esbuild-android-arm64@0.15.15",
          "esbuild-darwin-64": "esbuild-darwin-64@0.15.15",
          "esbuild-darwin-arm64": "esbuild-darwin-arm64@0.15.15",
          "esbuild-freebsd-64": "esbuild-freebsd-64@0.15.15",
          "esbuild-freebsd-arm64": "esbuild-freebsd-arm64@0.15.15",
          "esbuild-linux-32": "esbuild-linux-32@0.15.15",
          "esbuild-linux-64": "esbuild-linux-64@0.15.15",
          "esbuild-linux-arm": "esbuild-linux-arm@0.15.15",
          "esbuild-linux-arm64": "esbuild-linux-arm64@0.15.15",
          "esbuild-linux-mips64le": "esbuild-linux-mips64le@0.15.15",
          "esbuild-linux-ppc64le": "esbuild-linux-ppc64le@0.15.15",
          "esbuild-linux-riscv64": "esbuild-linux-riscv64@0.15.15",
          "esbuild-linux-s390x": "esbuild-linux-s390x@0.15.15",
          "esbuild-netbsd-64": "esbuild-netbsd-64@0.15.15",
          "esbuild-openbsd-64": "esbuild-openbsd-64@0.15.15",
          "esbuild-sunos-64": "esbuild-sunos-64@0.15.15",
          "esbuild-windows-32": "esbuild-windows-32@0.15.15",
          "esbuild-windows-64": "esbuild-windows-64@0.15.15",
          "esbuild-windows-arm64": "esbuild-windows-arm64@0.15.15"
        }
      },
      "esbuild@0.16.17": {
        "integrity": "sha512-G8LEkV0XzDMNwXKgM0Jwu3nY3lSTwSGY6XbxM9cr9+s0T/qSV1q1JVPBGzm3dcjhCic9+emZDmMffkwgPeOeLg==",
        "dependencies": {
          "@esbuild/android-arm": "@esbuild/android-arm@0.16.17",
          "@esbuild/android-arm64": "@esbuild/android-arm64@0.16.17",
          "@esbuild/android-x64": "@esbuild/android-x64@0.16.17",
          "@esbuild/darwin-arm64": "@esbuild/darwin-arm64@0.16.17",
          "@esbuild/darwin-x64": "@esbuild/darwin-x64@0.16.17",
          "@esbuild/freebsd-arm64": "@esbuild/freebsd-arm64@0.16.17",
          "@esbuild/freebsd-x64": "@esbuild/freebsd-x64@0.16.17",
          "@esbuild/linux-arm": "@esbuild/linux-arm@0.16.17",
          "@esbuild/linux-arm64": "@esbuild/linux-arm64@0.16.17",
          "@esbuild/linux-ia32": "@esbuild/linux-ia32@0.16.17",
          "@esbuild/linux-loong64": "@esbuild/linux-loong64@0.16.17",
          "@esbuild/linux-mips64el": "@esbuild/linux-mips64el@0.16.17",
          "@esbuild/linux-ppc64": "@esbuild/linux-ppc64@0.16.17",
          "@esbuild/linux-riscv64": "@esbuild/linux-riscv64@0.16.17",
          "@esbuild/linux-s390x": "@esbuild/linux-s390x@0.16.17",
          "@esbuild/linux-x64": "@esbuild/linux-x64@0.16.17",
          "@esbuild/netbsd-x64": "@esbuild/netbsd-x64@0.16.17",
          "@esbuild/openbsd-x64": "@esbuild/openbsd-x64@0.16.17",
          "@esbuild/sunos-x64": "@esbuild/sunos-x64@0.16.17",
          "@esbuild/win32-arm64": "@esbuild/win32-arm64@0.16.17",
          "@esbuild/win32-ia32": "@esbuild/win32-ia32@0.16.17",
          "@esbuild/win32-x64": "@esbuild/win32-x64@0.16.17"
        }
      },
      "esbuild@0.17.11": {
        "integrity": "sha512-pAMImyokbWDtnA/ufPxjQg0fYo2DDuzAlqwnDvbXqHLphe+m80eF++perYKVm8LeTuj2zUuFXC+xgSVxyoHUdg==",
        "dependencies": {
          "@esbuild/android-arm": "@esbuild/android-arm@0.17.11",
          "@esbuild/android-arm64": "@esbuild/android-arm64@0.17.11",
          "@esbuild/android-x64": "@esbuild/android-x64@0.17.11",
          "@esbuild/darwin-arm64": "@esbuild/darwin-arm64@0.17.11",
          "@esbuild/darwin-x64": "@esbuild/darwin-x64@0.17.11",
          "@esbuild/freebsd-arm64": "@esbuild/freebsd-arm64@0.17.11",
          "@esbuild/freebsd-x64": "@esbuild/freebsd-x64@0.17.11",
          "@esbuild/linux-arm": "@esbuild/linux-arm@0.17.11",
          "@esbuild/linux-arm64": "@esbuild/linux-arm64@0.17.11",
          "@esbuild/linux-ia32": "@esbuild/linux-ia32@0.17.11",
          "@esbuild/linux-loong64": "@esbuild/linux-loong64@0.17.11",
          "@esbuild/linux-mips64el": "@esbuild/linux-mips64el@0.17.11",
          "@esbuild/linux-ppc64": "@esbuild/linux-ppc64@0.17.11",
          "@esbuild/linux-riscv64": "@esbuild/linux-riscv64@0.17.11",
          "@esbuild/linux-s390x": "@esbuild/linux-s390x@0.17.11",
          "@esbuild/linux-x64": "@esbuild/linux-x64@0.17.11",
          "@esbuild/netbsd-x64": "@esbuild/netbsd-x64@0.17.11",
          "@esbuild/openbsd-x64": "@esbuild/openbsd-x64@0.17.11",
          "@esbuild/sunos-x64": "@esbuild/sunos-x64@0.17.11",
          "@esbuild/win32-arm64": "@esbuild/win32-arm64@0.17.11",
          "@esbuild/win32-ia32": "@esbuild/win32-ia32@0.17.11",
          "@esbuild/win32-x64": "@esbuild/win32-x64@0.17.11"
        }
      },
      "fill-range@7.0.1": {
        "integrity": "sha512-qOo9F+dMUmC2Lcb4BbVvnKJxTPjCm+RRpe4gDuGrzkL7mEVl/djYSu2OdQ2Pa302N4oqkSg9ir6jaLWJ2USVpQ==",
        "dependencies": {
          "to-regex-range": "to-regex-range@5.0.1"
        }
      },
      "fsevents@2.3.2": {
        "integrity": "sha512-xiqMQR4xAeHTuB9uWm+fFRcIOgKBMiOBP+eXiyT7jsgVCq1bkVygt00oASowB7EdtpOHaaPgKt812P9ab+DDKA==",
        "dependencies": {}
      },
      "function-bind@1.1.1": {
        "integrity": "sha512-yIovAzMX49sF8Yl58fSCWJ5svSLuaibPxXQJFLmBObTuCr0Mf1KiPopGM9NiFjiYBCbfaa2Fh6breQ6ANVTI0A==",
        "dependencies": {}
      },
      "glob-parent@5.1.2": {
        "integrity": "sha512-AOIgSQCepiJYwP3ARnGx+5VnTu2HBYdzbGP45eLw1vr3zB3vZLeyed1sC9hnbcOc9/SrMyM5RPQrkGz4aS9Zow==",
        "dependencies": {
          "is-glob": "is-glob@4.0.3"
        }
      },
      "has@1.0.3": {
        "integrity": "sha512-f2dvO0VU6Oej7RkWJGrehjbzMAjFp5/VKPp5tTpWIV4JHHZK1/BxbFRtf/siA2SWTe09caDmVtYYzWEIbBS4zw==",
        "dependencies": {
          "function-bind": "function-bind@1.1.1"
        }
      },
      "immutable@4.1.0": {
        "integrity": "sha512-oNkuqVTA8jqG1Q6c+UglTOD1xhC1BtjKI7XkCXRkZHrN5m18/XsnUp8Q89GkQO/z+0WjonSvl0FLhDYftp46nQ==",
        "dependencies": {}
      },
      "is-binary-path@2.1.0": {
        "integrity": "sha512-ZMERYes6pDydyuGidse7OsHxtbI7WVeUEozgR/g7rd0xUimYNlvZRE/K2MgZTjWy725IfelLeVcEM97mmtRGXw==",
        "dependencies": {
          "binary-extensions": "binary-extensions@2.2.0"
        }
      },
      "is-core-module@2.11.0": {
        "integrity": "sha512-RRjxlvLDkD1YJwDbroBHMb+cukurkDWNyHx7D3oNB5x9rb5ogcksMC5wHCadcXoo67gVr/+3GFySh3134zi6rw==",
        "dependencies": {
          "has": "has@1.0.3"
        }
      },
      "is-extglob@2.1.1": {
        "integrity": "sha512-SbKbANkN603Vi4jEZv49LeVJMn4yGwsbzZworEoyEiutsN3nJYdbO36zfhGJ6QEDpOZIFkDtnq5JRxmvl3jsoQ==",
        "dependencies": {}
      },
      "is-glob@4.0.3": {
        "integrity": "sha512-xelSayHH36ZgE7ZWhli7pW34hNbNl8Ojv5KVmkJD4hBdD3th8Tfk9vYasLM+mXWOZhFkgZfxhLSnrwRr4elSSg==",
        "dependencies": {
          "is-extglob": "is-extglob@2.1.1"
        }
      },
      "is-number@7.0.0": {
        "integrity": "sha512-41Cifkg6e8TylSpdtTpeLVMqvSBEVzTttHvERD741+pnZ8ANv0004MRL43QKPDlK9cGvNp6NZWZUBlbGXYxxng==",
        "dependencies": {}
      },
      "jquery@3.6.1": {
        "integrity": "sha512-opJeO4nCucVnsjiXOE+/PcCgYw9Gwpvs/a6B1LL/lQhwWwpbVEVYDZ1FokFr8PRc7ghYlrFPuyHuiiDNTQxmcw==",
        "dependencies": {}
      },
      "normalize-path@3.0.0": {
        "integrity": "sha512-6eZs5Ls3WtCisHWp9S2GUy8dqkpGi4BVSz3GaqiE6ezub0512ESztXUwUB6C6IKbQkY2Pnb/mD4WYojCRwcwLA==",
        "dependencies": {}
      },
      "path-parse@1.0.7": {
        "integrity": "sha512-LDJzPVEEEPR+y48z93A0Ed0yXb8pAByGWo/k5YYdYgpY2/2EsOsksJrq7lOHxryrVOn1ejG6oAp8ahvOIQD8sw==",
        "dependencies": {}
      },
      "picomatch@2.3.1": {
        "integrity": "sha512-JU3teHTNjmE2VCGFzuY8EXzCDVwEqB2a8fsIvwaStHhAWJEeVd1o1QD80CU6+ZdEXXSLbSsuLwJjkCBWqRQUVA==",
        "dependencies": {}
      },
      "readdirp@3.6.0": {
        "integrity": "sha512-hOS089on8RduqdbhvQ5Z37A0ESjsqz6qnRcffsMU3495FuTdqSm+7bhJ29JvIOsBDEEnan5DPu9t3To9VRlMzA==",
        "dependencies": {
          "picomatch": "picomatch@2.3.1"
        }
      },
      "resolve@1.22.1": {
        "integrity": "sha512-nBpuuYuY5jFsli/JIs1oldw6fOQCBioohqWZg/2hiaOybXOft4lonv85uDOKXdf8rhyK159cxU5cDcK/NKk8zw==",
        "dependencies": {
          "is-core-module": "is-core-module@2.11.0",
          "path-parse": "path-parse@1.0.7",
          "supports-preserve-symlinks-flag": "supports-preserve-symlinks-flag@1.0.0"
        }
      },
      "sass@1.56.1": {
        "integrity": "sha512-VpEyKpyBPCxE7qGDtOcdJ6fFbcpOM+Emu7uZLxVrkX8KVU/Dp5UF7WLvzqRuUhB6mqqQt1xffLoG+AndxTZrCQ==",
        "dependencies": {
          "chokidar": "chokidar@3.5.3",
          "immutable": "immutable@4.1.0",
          "source-map-js": "source-map-js@1.0.2"
        }
      },
      "sass@1.58.3": {
        "integrity": "sha512-Q7RaEtYf6BflYrQ+buPudKR26/lH+10EmO9bBqbmPh/KeLqv8bjpTNqxe71ocONqXq+jYiCbpPUmQMS+JJPk4A==",
        "dependencies": {
          "chokidar": "chokidar@3.5.3",
          "immutable": "immutable@4.1.0",
          "source-map-js": "source-map-js@1.0.2"
        }
      },
      "source-map-js@1.0.2": {
        "integrity": "sha512-R0XvVJ9WusLiqTCEiGCmICCMplcCkIwwR11mOSD9CR5u+IXYdiseeEuXCVAjS54zqwkLcPNnmU4OeJ6tUrWhDw==",
        "dependencies": {}
      },
      "supports-preserve-symlinks-flag@1.0.0": {
        "integrity": "sha512-ot0WnXS9fgdkgIcePe6RHNk1WA8+muPa6cSjeR3V8K27q9BB1rTE3R1p7Hv0z1ZyAc8s6Vvv8DIyWf681MAt0w==",
        "dependencies": {}
      },
      "to-regex-range@5.0.1": {
        "integrity": "sha512-65P7iz6X5yEr1cwcgvQxbbIw7Uk3gOy5dIdtZ4rDveLqhrdJP+Li/Hx6tyK0NEb+2GCyneCMJiGqrADCSNk8sQ==",
        "dependencies": {
          "is-number": "is-number@7.0.0"
        }
      }
    }
  }
}
