{
  "version": "2",
  "remote": {
    "https://deno.land/std@0.119.0/_util/assert.ts": "2f868145a042a11d5ad0a3c748dcf580add8a0dbc0e876eaa0026303a5488f58",
    "https://deno.land/std@0.119.0/flags/mod.ts": "5bd80147c97e481efcc4c041096c6c1a1393248e2849ccd571269d62c2634cbe",
    "https://deno.land/std@0.165.0/_util/asserts.ts": "d0844e9b62510f89ce1f9878b046f6a57bf88f208a10304aab50efcb48365272",
    "https://deno.land/std@0.165.0/_util/os.ts": "8a33345f74990e627b9dfe2de9b040004b08ea5146c7c9e8fe9a29070d193934",
    "https://deno.land/std@0.165.0/bytes/bytes_list.ts": "aba5e2369e77d426b10af1de0dcc4531acecec27f9b9056f4f7bfbf8ac147ab4",
    "https://deno.land/std@0.165.0/bytes/equals.ts": "3c3558c3ae85526f84510aa2b48ab2ad7bdd899e2e0f5b7a8ffc85acb3a6043a",
    "https://deno.land/std@0.165.0/bytes/mod.ts": "b2e342fd3669176a27a4e15061e9d588b89c1aaf5008ab71766e23669565d179",
    "https://deno.land/std@0.165.0/io/buffer.ts": "245f1762a949082ddc0a6e9b15589d0be2d29c150266decd04320b8a8318f9f6",
    "https://deno.land/std@0.165.0/io/mod.ts": "6e781ebafd5cdccf9ab4afa1f499b08c513602d023cb08ceebc58758501f78bd",
    "https://deno.land/std@0.165.0/io/readers.ts": "45847ad404afd2f605eae1cff193f223462bc55eeb9ae313c2f3db28aada0fd6",
    "https://deno.land/std@0.165.0/io/types.d.ts": "107e1e64834c5ba917c783f446b407d33432c5d612c4b3430df64fc2b4ecf091",
    "https://deno.land/std@0.165.0/io/util.ts": "294d163962e3310bd9485d3315c183dc3d0da1e6ddf23495c682f8e17e0413a8",
    "https://deno.land/std@0.165.0/io/writers.ts": "2e1c63ffd0cfba411b1fd8374609abff9ea86187c9d4d885d42e6fc20325ef0e",
    "https://deno.land/std@0.165.0/path/_constants.ts": "df1db3ffa6dd6d1252cc9617e5d72165cd2483df90e93833e13580687b6083c3",
    "https://deno.land/std@0.165.0/path/_interface.ts": "ee3b431a336b80cf445441109d089b70d87d5e248f4f90ff906820889ecf8d09",
    "https://deno.land/std@0.165.0/path/_util.ts": "d16be2a16e1204b65f9d0dfc54a9bc472cafe5f4a190b3c8471ec2016ccd1677",
    "https://deno.land/std@0.165.0/path/common.ts": "bee563630abd2d97f99d83c96c2fa0cca7cee103e8cb4e7699ec4d5db7bd2633",
    "https://deno.land/std@0.165.0/path/glob.ts": "cb5255638de1048973c3e69e420c77dc04f75755524cb3b2e160fe9277d939ee",
    "https://deno.land/std@0.165.0/path/mod.ts": "56fec03ad0ebd61b6ab39ddb9b0ddb4c4a5c9f2f4f632e09dd37ec9ebfd722ac",
    "https://deno.land/std@0.165.0/path/posix.ts": "6b63de7097e68c8663c84ccedc0fd977656eb134432d818ecd3a4e122638ac24",
    "https://deno.land/std@0.165.0/path/separator.ts": "fe1816cb765a8068afb3e8f13ad272351c85cbc739af56dacfc7d93d710fe0f9",
    "https://deno.land/std@0.165.0/path/win32.ts": "7cebd2bda6657371adc00061a1d23fdd87bcdf64b4843bb148b0b24c11b40f69",
    "https://deno.land/std@0.99.0/fmt/colors.ts": "db22b314a2ae9430ae7460ce005e0a7130e23ae1c999157e3bb77cf55800f7e4",
    "https://deno.land/x/cliffy@v0.19.2/_utils/distance.ts": "02af166952c7c358ac83beae397aa2fbca4ad630aecfcd38d92edb1ea429f004",
    "https://deno.land/x/cliffy@v0.19.2/command/_errors.ts": "6df38105b97aeceb4c2d84dd5b96aeb5f612e017570f8ced33bb032c41c6d111",
    "https://deno.land/x/cliffy@v0.19.2/command/_utils.ts": "3ed2d6fe620dbc295e32d340df3368b5ca4905ce6386fe88f8eacb79df8cfdc5",
    "https://deno.land/x/cliffy@v0.19.2/command/command.ts": "f7298c1cd724a148267ca9a75a1fc4ae25269edbfc5ce77b106777642ce9a38a",
    "https://deno.land/x/cliffy@v0.19.2/command/completions/_bash_completions_generator.ts": "6db1c564dcda62ee475ece94930b9d3fb1c2113ff2aff3c5bd1482ef413da72c",
    "https://deno.land/x/cliffy@v0.19.2/command/completions/_fish_completions_generator.ts": "0f086a0f430ededce31977bd7b900a38c05eaa646d8c873d9e5819b1db771dab",
    "https://deno.land/x/cliffy@v0.19.2/command/completions/_zsh_completions_generator.ts": "5dd7f8d98947acfba2e3b77f0ed8acabd16cd262fc5944bd8b9b8e2bb23fcc10",
    "https://deno.land/x/cliffy@v0.19.2/command/completions/bash.ts": "67cce298d8f01ebf0ec88007a17ca6d2fd32c5fd102fdd241cc5d60963b44f6f",
    "https://deno.land/x/cliffy@v0.19.2/command/completions/complete.ts": "c360de280a2d68415ec8d59e678fe8df4a19b910ebafc1a486728a42c340344d",
    "https://deno.land/x/cliffy@v0.19.2/command/completions/fish.ts": "b2b48f35369ac4cd848d666e9a96cd21c4e35a1652c0b573c1025a1fd063dd84",
    "https://deno.land/x/cliffy@v0.19.2/command/completions/mod.ts": "96d199716fedcba3f47638ce569761e06ae10851cd0a872be3817ca135c84f58",
    "https://deno.land/x/cliffy@v0.19.2/command/completions/zsh.ts": "fa021a8d16853827502c0a42476ab8e5f173f2d447d04f8b4ab3b96e438e3d40",
    "https://deno.land/x/cliffy@v0.19.2/command/deps.ts": "9aca328af73b9875a0b1bbca1a0f52571d9367e4e2d67a69adb2b21c77b8f6f2",
    "https://deno.land/x/cliffy@v0.19.2/command/help/_help_generator.ts": "9d56e05162cf6976c8807ed44d8bf9d84da8ec9e1b160e3ed139b3be0da60d63",
    "https://deno.land/x/cliffy@v0.19.2/command/help/mod.ts": "fd4370261e62a9a201c52c12039870afaa501d849af9e04bba34b27a4cc5e2aa",
    "https://deno.land/x/cliffy@v0.19.2/command/mod.ts": "ab5a5d05ad3e723bcb8434003847ff06dafbd43c58a86f5f47b69d4f6a10c79e",
    "https://deno.land/x/cliffy@v0.19.2/command/type.ts": "d3d9b87de039f2322a4ac28a8a6ddc7c945513ed64ade387f9fe677d0fe247dd",
    "https://deno.land/x/cliffy@v0.19.2/command/types.ts": "fcc6d11f3a61d6fd67349b7c449bce32edd481060ce50fcdfe0c0f632013186f",
    "https://deno.land/x/cliffy@v0.19.2/command/types/action_list.ts": "33c98d449617c7a563a535c9ceb3741bde9f6363353fd492f90a74570c611c27",
    "https://deno.land/x/cliffy@v0.19.2/command/types/boolean.ts": "bf0fbaacbd79398f4f4a832437a8ac49f34f12fe42b8b44dca68ad23cd7b02e8",
    "https://deno.land/x/cliffy@v0.19.2/command/types/child_command.ts": "f1fca390c7fbfa7a713ca15ef55c2c7656bcbb394d50e8ef54085bdf6dc22559",
    "https://deno.land/x/cliffy@v0.19.2/command/types/command.ts": "325d0382e383b725fd8d0ef34ebaeae082c5b76a1f6f2e843fee5dbb1a4fe3ac",
    "https://deno.land/x/cliffy@v0.19.2/command/types/enum.ts": "e54b362848416dd60f45824b50b01513db8e78bba1ede38d6344334c8f879b3f",
    "https://deno.land/x/cliffy@v0.19.2/command/types/integer.ts": "b49ef8c43fe59ccf67e792c72ff350520dab08c9bd552eff004e134f292daa06",
    "https://deno.land/x/cliffy@v0.19.2/command/types/number.ts": "32c3d1decf3b8d9dfa10b0027b07e9c6753c0059d1ccf2d1d768b879d05e0d3e",
    "https://deno.land/x/cliffy@v0.19.2/command/types/string.ts": "e415dd7bce1b4d0ac4417e370a41a8c7a476f78cb19bf4a757ba11da343f344c",
    "https://deno.land/x/cliffy@v0.19.2/flags/_errors.ts": "481fab628680d051d98b76bd3ed561e18f54525a5b2c88e97d5bdc1ed31dd19a",
    "https://deno.land/x/cliffy@v0.19.2/flags/_utils.ts": "9e8910b910d36f905934690c16b3c2a2c604fb0d89740d373d16adc659c1af1a",
    "https://deno.land/x/cliffy@v0.19.2/flags/flags.ts": "bc0f8513ee0a1b487c0566cabd1505dcb2cc32a56c5c3c8abc576d2cae740c4c",
    "https://deno.land/x/cliffy@v0.19.2/flags/normalize.ts": "039002ba22834cbac1a9eb853294618de11be3739fec812639c11e32491100e3",
    "https://deno.land/x/cliffy@v0.19.2/flags/types.ts": "c69d7227c825e9c2f4be5a9b804e4275dfc9ebf855925fd8d831fed51e51c41a",
    "https://deno.land/x/cliffy@v0.19.2/flags/types/boolean.ts": "3a80c2332c2f2f58427774cd0ed15b773be2c6bab6323ab4085ac7eaed9fe021",
    "https://deno.land/x/cliffy@v0.19.2/flags/types/integer.ts": "931b6c9f748a839ad304d60851159ebe3f26ccea50fb0907925a94e93772acaf",
    "https://deno.land/x/cliffy@v0.19.2/flags/types/number.ts": "ace1b124c644f4fac2a7bf781fafe3f8a32528b22ec939a3291424a313c8e301",
    "https://deno.land/x/cliffy@v0.19.2/flags/types/string.ts": "2764413b7f86962152fd0ac3edf5107b94cb6ae8a237243d65c3a2eb2073d624",
    "https://deno.land/x/cliffy@v0.19.2/flags/validate_flags.ts": "7724a6118a05e2b5b058451dc1be401615bbef5deb75d52f7e1b35b124bdb50c",
    "https://deno.land/x/cliffy@v0.19.2/table/border.ts": "2514abae4e4f51eda60a5f8c927ba24efd464a590027e900926b38f68e01253c",
    "https://deno.land/x/cliffy@v0.19.2/table/cell.ts": "1d787d8006ac8302020d18ec39f8d7f1113612c20801b973e3839de9c3f8b7b3",
    "https://deno.land/x/cliffy@v0.19.2/table/deps.ts": "390cc8550b6e4d1337c234bfff6ae49ac0e902bfdee8d0aec08eeba2c0aa6235",
    "https://deno.land/x/cliffy@v0.19.2/table/layout.ts": "b3055be2bc94dce0381094182121c026328ba9f173d6c1d0eb00a3dd7482b226",
    "https://deno.land/x/cliffy@v0.19.2/table/row.ts": "707c8f9c71f28e7ded22a053c13c0988a9598eec0a9e2a7aea7d15cad64d3cfe",
    "https://deno.land/x/cliffy@v0.19.2/table/table.ts": "9dc3afb6c5455dfbdedd5dcd6905f5b8445d5a2ab8d6d21e0da355d2b794d55d",
    "https://deno.land/x/cliffy@v0.19.2/table/utils.ts": "4bf039fc9eb61558cc08397b50f123bba2cd7638257fc812a2aa510604da4440",
    "https://deno.land/x/denoflate@1.2.1/mod.ts": "f5628e44b80b3d80ed525afa2ba0f12408e3849db817d47a883b801f9ce69dd6",
    "https://deno.land/x/denoflate@1.2.1/pkg/denoflate.js": "b9f9ad9457d3f12f28b1fb35c555f57443427f74decb403113d67364e4f2caf4",
    "https://deno.land/x/denoflate@1.2.1/pkg/denoflate_bg.wasm.js": "d581956245407a2115a3d7e8d85a9641c032940a8e810acbd59ca86afd34d44d",
    "https://deno.land/x/esbuild@v0.15.10/mod.d.ts": "12e96a8d05c8e2c5638aa9cb09f24222134d437abb2f3f52de0156adb2270719",
    "https://deno.land/x/esbuild@v0.15.10/mod.js": "b6076f05f58057025ce0eddb404a4da3b7a0e3768c53f6c87959c8c32240e9cd"
  },
  "npm": {
    "specifiers": {
      "esbuild": "esbuild@0.15.15",
      "esbuild-sass-plugin": "esbuild-sass-plugin@2.4.1"
    },
    "packages": {
      "@esbuild/android-arm@0.15.15": {
        "integrity": "sha512-JJjZjJi2eBL01QJuWjfCdZxcIgot+VoK6Fq7eKF9w4YHm9hwl7nhBR1o2Wnt/WcANk5l9SkpvrldW1PLuXxcbw==",
        "dependencies": {}
      },
      "@esbuild/linux-loong64@0.15.15": {
        "integrity": "sha512-lhz6UNPMDXUhtXSulw8XlFAtSYO26WmHQnCi2Lg2p+/TMiJKNLtZCYUxV4wG6rZMzXmr8InGpNwk+DLT2Hm0PA==",
        "dependencies": {}
      },
      "anymatch@3.1.3": {
        "integrity": "sha512-KMReFUr0B4t+D+OBkjR3KYqvocp2XaSzO55UcB6mgQMd3KbcE+mWTyvVV7D/zsdEbNnV6acZUutkiHQXvTr1Rw==",
        "dependencies": {
          "normalize-path": "normalize-path@3.0.0",
          "picomatch": "picomatch@2.3.1"
        }
      },
      "binary-extensions@2.2.0": {
        "integrity": "sha512-jDctJ/IVQbZoJykoeHbhXpOlNBqGNcwXJKJog42E5HDPUwQTSdjCHdihjj0DlnheQ7blbT6dHOafNAiS8ooQKA==",
        "dependencies": {}
      },
      "braces@3.0.2": {
        "integrity": "sha512-b8um+L1RzM3WDSzvhm6gIz1yfTbBt6YTlcEKAvsmqCZZFw46z626lVj9j1yEPW33H5H+lBQpZMP1k8l+78Ha0A==",
        "dependencies": { "fill-range": "fill-range@7.0.1" }
      },
      "chokidar@3.5.3": {
        "integrity": "sha512-Dr3sfKRP6oTcjf2JmUmFJfeVMvXBdegxB0iVQ5eb2V10uFJUCAS8OByZdVAyVb8xXNz3GjjTgj9kLWsZTqE6kw==",
        "dependencies": {
          "anymatch": "anymatch@3.1.3",
          "braces": "braces@3.0.2",
          "fsevents": "fsevents@2.3.2",
          "glob-parent": "glob-parent@5.1.2",
          "is-binary-path": "is-binary-path@2.1.0",
          "is-glob": "is-glob@4.0.3",
          "normalize-path": "normalize-path@3.0.0",
          "readdirp": "readdirp@3.6.0"
        }
      },
      "esbuild-android-64@0.15.15": {
        "integrity": "sha512-F+WjjQxO+JQOva3tJWNdVjouFMLK6R6i5gjDvgUthLYJnIZJsp1HlF523k73hELY20WPyEO8xcz7aaYBVkeg5Q==",
        "dependencies": {}
      },
      "esbuild-android-arm64@0.15.15": {
        "integrity": "sha512-attlyhD6Y22jNyQ0fIIQ7mnPvDWKw7k6FKnsXlBvQE6s3z6s6cuEHcSgoirquQc7TmZgVCK5fD/2uxmRN+ZpcQ==",
        "dependencies": {}
      },
      "esbuild-darwin-64@0.15.15": {
        "integrity": "sha512-ohZtF8W1SHJ4JWldsPVdk8st0r9ExbAOSrBOh5L+Mq47i696GVwv1ab/KlmbUoikSTNoXEhDzVpxUR/WIO19FQ==",
        "dependencies": {}
      },
      "esbuild-darwin-arm64@0.15.15": {
        "integrity": "sha512-P8jOZ5zshCNIuGn+9KehKs/cq5uIniC+BeCykvdVhx/rBXSxmtj3CUIKZz4sDCuESMbitK54drf/2QX9QHG5Ag==",
        "dependencies": {}
      },
      "esbuild-freebsd-64@0.15.15": {
        "integrity": "sha512-KkTg+AmDXz1IvA9S1gt8dE24C8Thx0X5oM0KGF322DuP+P3evwTL9YyusHAWNsh4qLsR80nvBr/EIYs29VSwuA==",
        "dependencies": {}
      },
      "esbuild-freebsd-arm64@0.15.15": {
        "integrity": "sha512-FUcML0DRsuyqCMfAC+HoeAqvWxMeq0qXvclZZ/lt2kLU6XBnDA5uKTLUd379WYEyVD4KKFctqWd9tTuk8C/96g==",
        "dependencies": {}
      },
      "esbuild-linux-32@0.15.15": {
        "integrity": "sha512-q28Qn5pZgHNqug02aTkzw5sW9OklSo96b5nm17Mq0pDXrdTBcQ+M6Q9A1B+dalFeynunwh/pvfrNucjzwDXj+Q==",
        "dependencies": {}
      },
      "esbuild-linux-64@0.15.15": {
        "integrity": "sha512-217KPmWMirkf8liO+fj2qrPwbIbhNTGNVtvqI1TnOWJgcMjUWvd677Gq3fTzXEjilkx2yWypVnTswM2KbXgoAg==",
        "dependencies": {}
      },
      "esbuild-linux-arm64@0.15.15": {
        "integrity": "sha512-/ltmNFs0FivZkYsTzAsXIfLQX38lFnwJTWCJts0IbCqWZQe+jjj0vYBNbI0kmXLb3y5NljiM5USVAO1NVkdh2g==",
        "dependencies": {}
      },
      "esbuild-linux-arm@0.15.15": {
        "integrity": "sha512-RYVW9o2yN8yM7SB1yaWr378CwrjvGCyGybX3SdzPHpikUHkME2AP55Ma20uNwkNyY2eSYFX9D55kDrfQmQBR4w==",
        "dependencies": {}
      },
      "esbuild-linux-mips64le@0.15.15": {
        "integrity": "sha512-PksEPb321/28GFFxtvL33yVPfnMZihxkEv5zME2zapXGp7fA1X2jYeiTUK+9tJ/EGgcNWuwvtawPxJG7Mmn86A==",
        "dependencies": {}
      },
      "esbuild-linux-ppc64le@0.15.15": {
        "integrity": "sha512-ek8gJBEIhcpGI327eAZigBOHl58QqrJrYYIZBWQCnH3UnXoeWMrMZLeeZL8BI2XMBhP+sQ6ERctD5X+ajL/AIA==",
        "dependencies": {}
      },
      "esbuild-linux-riscv64@0.15.15": {
        "integrity": "sha512-H5ilTZb33/GnUBrZMNJtBk7/OXzDHDXjIzoLXHSutwwsLxSNaLxzAaMoDGDd/keZoS+GDBqNVxdCkpuiRW4OSw==",
        "dependencies": {}
      },
      "esbuild-linux-s390x@0.15.15": {
        "integrity": "sha512-jKaLUg78mua3rrtrkpv4Or2dNTJU7bgHN4bEjT4OX4GR7nLBSA9dfJezQouTxMmIW7opwEC5/iR9mpC18utnxQ==",
        "dependencies": {}
      },
      "esbuild-netbsd-64@0.15.15": {
        "integrity": "sha512-aOvmF/UkjFuW6F36HbIlImJTTx45KUCHJndtKo+KdP8Dhq3mgLRKW9+6Ircpm8bX/RcS3zZMMmaBLkvGY06Gvw==",
        "dependencies": {}
      },
      "esbuild-openbsd-64@0.15.15": {
        "integrity": "sha512-HFFX+WYedx1w2yJ1VyR1Dfo8zyYGQZf1cA69bLdrHzu9svj6KH6ZLK0k3A1/LFPhcEY9idSOhsB2UyU0tHPxgQ==",
        "dependencies": {}
      },
      "esbuild-sass-plugin@2.4.1": {
        "integrity": "sha512-9Sf73lTm1vbD5FPXjS4ekKJV4+293dn2d0Asi/2E2ZpLAU8o4p4WrGsxLyKkGWBVZHusXO5ifgAyQ27pw8jUxg==",
        "dependencies": {
          "esbuild": "esbuild@0.15.15",
          "resolve": "resolve@1.22.1",
          "sass": "sass@1.56.1"
        }
      },
      "esbuild-sunos-64@0.15.15": {
        "integrity": "sha512-jOPBudffG4HN8yJXcK9rib/ZTFoTA5pvIKbRrt3IKAGMq1EpBi4xoVoSRrq/0d4OgZLaQbmkHp8RO9eZIn5atA==",
        "dependencies": {}
      },
      "esbuild-windows-32@0.15.15": {
        "integrity": "sha512-MDkJ3QkjnCetKF0fKxCyYNBnOq6dmidcwstBVeMtXSgGYTy8XSwBeIE4+HuKiSsG6I/mXEb++px3IGSmTN0XiA==",
        "dependencies": {}
      },
      "esbuild-windows-64@0.15.15": {
        "integrity": "sha512-xaAUIB2qllE888SsMU3j9nrqyLbkqqkpQyWVkfwSil6BBPgcPk3zOFitTTncEKCLTQy3XV9RuH7PDj3aJDljWA==",
        "dependencies": {}
      },
      "esbuild-windows-arm64@0.15.15": {
        "integrity": "sha512-ttuoCYCIJAFx4UUKKWYnFdrVpoXa3+3WWkXVI6s09U+YjhnyM5h96ewTq/WgQj9LFSIlABQvadHSOQyAVjW5xQ==",
        "dependencies": {}
      },
      "esbuild@0.15.15": {
        "integrity": "sha512-TEw/lwK4Zzld9x3FedV6jy8onOUHqcEX3ADFk4k+gzPUwrxn8nWV62tH0udo8jOtjFodlEfc4ypsqX3e+WWO6w==",
        "dependencies": {
          "@esbuild/android-arm": "@esbuild/android-arm@0.15.15",
          "@esbuild/linux-loong64": "@esbuild/linux-loong64@0.15.15",
          "esbuild-android-64": "esbuild-android-64@0.15.15",
          "esbuild-android-arm64": "esbuild-android-arm64@0.15.15",
          "esbuild-darwin-64": "esbuild-darwin-64@0.15.15",
          "esbuild-darwin-arm64": "esbuild-darwin-arm64@0.15.15",
          "esbuild-freebsd-64": "esbuild-freebsd-64@0.15.15",
          "esbuild-freebsd-arm64": "esbuild-freebsd-arm64@0.15.15",
          "esbuild-linux-32": "esbuild-linux-32@0.15.15",
          "esbuild-linux-64": "esbuild-linux-64@0.15.15",
          "esbuild-linux-arm": "esbuild-linux-arm@0.15.15",
          "esbuild-linux-arm64": "esbuild-linux-arm64@0.15.15",
          "esbuild-linux-mips64le": "esbuild-linux-mips64le@0.15.15",
          "esbuild-linux-ppc64le": "esbuild-linux-ppc64le@0.15.15",
          "esbuild-linux-riscv64": "esbuild-linux-riscv64@0.15.15",
          "esbuild-linux-s390x": "esbuild-linux-s390x@0.15.15",
          "esbuild-netbsd-64": "esbuild-netbsd-64@0.15.15",
          "esbuild-openbsd-64": "esbuild-openbsd-64@0.15.15",
          "esbuild-sunos-64": "esbuild-sunos-64@0.15.15",
          "esbuild-windows-32": "esbuild-windows-32@0.15.15",
          "esbuild-windows-64": "esbuild-windows-64@0.15.15",
          "esbuild-windows-arm64": "esbuild-windows-arm64@0.15.15"
        }
      },
      "fill-range@7.0.1": {
        "integrity": "sha512-qOo9F+dMUmC2Lcb4BbVvnKJxTPjCm+RRpe4gDuGrzkL7mEVl/djYSu2OdQ2Pa302N4oqkSg9ir6jaLWJ2USVpQ==",
        "dependencies": { "to-regex-range": "to-regex-range@5.0.1" }
      },
      "fsevents@2.3.2": {
        "integrity": "sha512-xiqMQR4xAeHTuB9uWm+fFRcIOgKBMiOBP+eXiyT7jsgVCq1bkVygt00oASowB7EdtpOHaaPgKt812P9ab+DDKA==",
        "dependencies": {}
      },
      "function-bind@1.1.1": {
        "integrity": "sha512-yIovAzMX49sF8Yl58fSCWJ5svSLuaibPxXQJFLmBObTuCr0Mf1KiPopGM9NiFjiYBCbfaa2Fh6breQ6ANVTI0A==",
        "dependencies": {}
      },
      "glob-parent@5.1.2": {
        "integrity": "sha512-AOIgSQCepiJYwP3ARnGx+5VnTu2HBYdzbGP45eLw1vr3zB3vZLeyed1sC9hnbcOc9/SrMyM5RPQrkGz4aS9Zow==",
        "dependencies": { "is-glob": "is-glob@4.0.3" }
      },
      "has@1.0.3": {
        "integrity": "sha512-f2dvO0VU6Oej7RkWJGrehjbzMAjFp5/VKPp5tTpWIV4JHHZK1/BxbFRtf/siA2SWTe09caDmVtYYzWEIbBS4zw==",
        "dependencies": { "function-bind": "function-bind@1.1.1" }
      },
      "immutable@4.1.0": {
        "integrity": "sha512-oNkuqVTA8jqG1Q6c+UglTOD1xhC1BtjKI7XkCXRkZHrN5m18/XsnUp8Q89GkQO/z+0WjonSvl0FLhDYftp46nQ==",
        "dependencies": {}
      },
      "is-binary-path@2.1.0": {
        "integrity": "sha512-ZMERYes6pDydyuGidse7OsHxtbI7WVeUEozgR/g7rd0xUimYNlvZRE/K2MgZTjWy725IfelLeVcEM97mmtRGXw==",
        "dependencies": { "binary-extensions": "binary-extensions@2.2.0" }
      },
      "is-core-module@2.11.0": {
        "integrity": "sha512-RRjxlvLDkD1YJwDbroBHMb+cukurkDWNyHx7D3oNB5x9rb5ogcksMC5wHCadcXoo67gVr/+3GFySh3134zi6rw==",
        "dependencies": { "has": "has@1.0.3" }
      },
      "is-extglob@2.1.1": {
        "integrity": "sha512-SbKbANkN603Vi4jEZv49LeVJMn4yGwsbzZworEoyEiutsN3nJYdbO36zfhGJ6QEDpOZIFkDtnq5JRxmvl3jsoQ==",
        "dependencies": {}
      },
      "is-glob@4.0.3": {
        "integrity": "sha512-xelSayHH36ZgE7ZWhli7pW34hNbNl8Ojv5KVmkJD4hBdD3th8Tfk9vYasLM+mXWOZhFkgZfxhLSnrwRr4elSSg==",
        "dependencies": { "is-extglob": "is-extglob@2.1.1" }
      },
      "is-number@7.0.0": {
        "integrity": "sha512-41Cifkg6e8TylSpdtTpeLVMqvSBEVzTttHvERD741+pnZ8ANv0004MRL43QKPDlK9cGvNp6NZWZUBlbGXYxxng==",
        "dependencies": {}
      },
      "normalize-path@3.0.0": {
        "integrity": "sha512-6eZs5Ls3WtCisHWp9S2GUy8dqkpGi4BVSz3GaqiE6ezub0512ESztXUwUB6C6IKbQkY2Pnb/mD4WYojCRwcwLA==",
        "dependencies": {}
      },
      "path-parse@1.0.7": {
        "integrity": "sha512-LDJzPVEEEPR+y48z93A0Ed0yXb8pAByGWo/k5YYdYgpY2/2EsOsksJrq7lOHxryrVOn1ejG6oAp8ahvOIQD8sw==",
        "dependencies": {}
      },
      "picomatch@2.3.1": {
        "integrity": "sha512-JU3teHTNjmE2VCGFzuY8EXzCDVwEqB2a8fsIvwaStHhAWJEeVd1o1QD80CU6+ZdEXXSLbSsuLwJjkCBWqRQUVA==",
        "dependencies": {}
      },
      "readdirp@3.6.0": {
        "integrity": "sha512-hOS089on8RduqdbhvQ5Z37A0ESjsqz6qnRcffsMU3495FuTdqSm+7bhJ29JvIOsBDEEnan5DPu9t3To9VRlMzA==",
        "dependencies": { "picomatch": "picomatch@2.3.1" }
      },
      "resolve@1.22.1": {
        "integrity": "sha512-nBpuuYuY5jFsli/JIs1oldw6fOQCBioohqWZg/2hiaOybXOft4lonv85uDOKXdf8rhyK159cxU5cDcK/NKk8zw==",
        "dependencies": {
          "is-core-module": "is-core-module@2.11.0",
          "path-parse": "path-parse@1.0.7",
          "supports-preserve-symlinks-flag": "supports-preserve-symlinks-flag@1.0.0"
        }
      },
      "sass@1.56.1": {
        "integrity": "sha512-VpEyKpyBPCxE7qGDtOcdJ6fFbcpOM+Emu7uZLxVrkX8KVU/Dp5UF7WLvzqRuUhB6mqqQt1xffLoG+AndxTZrCQ==",
        "dependencies": {
          "chokidar": "chokidar@3.5.3",
          "immutable": "immutable@4.1.0",
          "source-map-js": "source-map-js@1.0.2"
        }
      },
      "source-map-js@1.0.2": {
        "integrity": "sha512-R0XvVJ9WusLiqTCEiGCmICCMplcCkIwwR11mOSD9CR5u+IXYdiseeEuXCVAjS54zqwkLcPNnmU4OeJ6tUrWhDw==",
        "dependencies": {}
      },
      "supports-preserve-symlinks-flag@1.0.0": {
        "integrity": "sha512-ot0WnXS9fgdkgIcePe6RHNk1WA8+muPa6cSjeR3V8K27q9BB1rTE3R1p7Hv0z1ZyAc8s6Vvv8DIyWf681MAt0w==",
        "dependencies": {}
      },
      "to-regex-range@5.0.1": {
        "integrity": "sha512-65P7iz6X5yEr1cwcgvQxbbIw7Uk3gOy5dIdtZ4rDveLqhrdJP+Li/Hx6tyK0NEb+2GCyneCMJiGqrADCSNk8sQ==",
        "dependencies": { "is-number": "is-number@7.0.0" }
      }
    }
  }
}
